// !$*UTF8*$!
{
	archiveVersion = 1;
	classes = {
	};
	objectVersion = 46;
	objects = {

/* Begin PBXBuildFile section */
		699E057C1DCC1DE100E8DACC /* main.m in Sources */ = {isa = PBXBuildFile; fileRef = 699E057B1DCC1DE100E8DACC /* main.m */; };
		699E057F1DCC1DE100E8DACC /* AppDelegate.m in Sources */ = {isa = PBXBuildFile; fileRef = 699E057E1DCC1DE100E8DACC /* AppDelegate.m */; };
		699E05821DCC1DE100E8DACC /* ViewController.m in Sources */ = {isa = PBXBuildFile; fileRef = 699E05811DCC1DE100E8DACC /* ViewController.m */; };
		699E05851DCC1DE100E8DACC /* Main.storyboard in Resources */ = {isa = PBXBuildFile; fileRef = 699E05831DCC1DE100E8DACC /* Main.storyboard */; };
		699E05871DCC1DE100E8DACC /* Assets.xcassets in Resources */ = {isa = PBXBuildFile; fileRef = 699E05861DCC1DE100E8DACC /* Assets.xcassets */; };
		699E058A1DCC1DE100E8DACC /* LaunchScreen.storyboard in Resources */ = {isa = PBXBuildFile; fileRef = 699E05881DCC1DE100E8DACC /* LaunchScreen.storyboard */; };
		699E05951DCC1DE100E8DACC /* __________Tests.m in Sources */ = {isa = PBXBuildFile; fileRef = 699E05941DCC1DE100E8DACC /* __________Tests.m */; };
		699E05A01DCC1DE100E8DACC /* __________UITests.m in Sources */ = {isa = PBXBuildFile; fileRef = 699E059F1DCC1DE100E8DACC /* __________UITests.m */; };
		699E05AF1DCC1E4600E8DACC /* EOCAutoDictionary.m in Sources */ = {isa = PBXBuildFile; fileRef = 699E05AE1DCC1E4600E8DACC /* EOCAutoDictionary.m */; };
/* End PBXBuildFile section */

/* Begin PBXContainerItemProxy section */
		699E05911DCC1DE100E8DACC /* PBXContainerItemProxy */ = {
			isa = PBXContainerItemProxy;
			containerPortal = 699E056F1DCC1DE100E8DACC /* Project object */;
			proxyType = 1;
			remoteGlobalIDString = 699E05761DCC1DE100E8DACC;
			remoteInfo = "动态方法解析转发机制";
		};
		699E059C1DCC1DE100E8DACC /* PBXContainerItemProxy */ = {
			isa = PBXContainerItemProxy;
			containerPortal = 699E056F1DCC1DE100E8DACC /* Project object */;
			proxyType = 1;
			remoteGlobalIDString = 699E05761DCC1DE100E8DACC;
			remoteInfo = "动态方法解析转发机制";
		};
/* End PBXContainerItemProxy section */

/* Begin PBXFileReference section */
		699E05771DCC1DE100E8DACC /* 动态方法解析转发机制.app */ = {isa = PBXFileReference; explicitFileType = wrapper.application; includeInIndex = 0; path = "动态方法解析转发机制.app"; sourceTree = BUILT_PRODUCTS_DIR; };
		699E057B1DCC1DE100E8DACC /* main.m */ = {isa = PBXFileReference; lastKnownFileType = sourcecode.c.objc; path = main.m; sourceTree = "<group>"; };
		699E057D1DCC1DE100E8DACC /* AppDelegate.h */ = {isa = PBXFileReference; lastKnownFileType = sourcecode.c.h; path = AppDelegate.h; sourceTree = "<group>"; };
		699E057E1DCC1DE100E8DACC /* AppDelegate.m */ = {isa = PBXFileReference; lastKnownFileType = sourcecode.c.objc; path = AppDelegate.m; sourceTree = "<group>"; };
		699E05801DCC1DE100E8DACC /* ViewController.h */ = {isa = PBXFileReference; lastKnownFileType = sourcecode.c.h; path = ViewController.h; sourceTree = "<group>"; };
		699E05811DCC1DE100E8DACC /* ViewController.m */ = {isa = PBXFileReference; lastKnownFileType = sourcecode.c.objc; path = ViewController.m; sourceTree = "<group>"; };
		699E05841DCC1DE100E8DACC /* Base */ = {isa = PBXFileReference; lastKnownFileType = file.storyboard; name = Base; path = Base.lproj/Main.storyboard; sourceTree = "<group>"; };
		699E05861DCC1DE100E8DACC /* Assets.xcassets */ = {isa = PBXFileReference; lastKnownFileType = folder.assetcatalog; path = Assets.xcassets; sourceTree = "<group>"; };
		699E05891DCC1DE100E8DACC /* Base */ = {isa = PBXFileReference; lastKnownFileType = file.storyboard; name = Base; path = Base.lproj/LaunchScreen.storyboard; sourceTree = "<group>"; };
		699E058B1DCC1DE100E8DACC /* Info.plist */ = {isa = PBXFileReference; lastKnownFileType = text.plist.xml; path = Info.plist; sourceTree = "<group>"; };
		699E05901DCC1DE100E8DACC /* 动态方法解析转发机制Tests.xctest */ = {isa = PBXFileReference; explicitFileType = wrapper.cfbundle; includeInIndex = 0; path = "动态方法解析转发机制Tests.xctest"; sourceTree = BUILT_PRODUCTS_DIR; };
		699E05941DCC1DE100E8DACC /* __________Tests.m */ = {isa = PBXFileReference; lastKnownFileType = sourcecode.c.objc; path = "__________Tests.m"; sourceTree = "<group>"; };
		699E05961DCC1DE100E8DACC /* Info.plist */ = {isa = PBXFileReference; lastKnownFileType = text.plist.xml; path = Info.plist; sourceTree = "<group>"; };
		699E059B1DCC1DE100E8DACC /* 动态方法解析转发机制UITests.xctest */ = {isa = PBXFileReference; explicitFileType = wrapper.cfbundle; includeInIndex = 0; path = "动态方法解析转发机制UITests.xctest"; sourceTree = BUILT_PRODUCTS_DIR; };
		699E059F1DCC1DE100E8DACC /* __________UITests.m */ = {isa = PBXFileReference; lastKnownFileType = sourcecode.c.objc; path = "__________UITests.m"; sourceTree = "<group>"; };
		699E05A11DCC1DE100E8DACC /* Info.plist */ = {isa = PBXFileReference; lastKnownFileType = text.plist.xml; path = Info.plist; sourceTree = "<group>"; };
		699E05AD1DCC1E4600E8DACC /* EOCAutoDictionary.h */ = {isa = PBXFileReference; fileEncoding = 4; lastKnownFileType = sourcecode.c.h; path = EOCAutoDictionary.h; sourceTree = "<group>"; };
		699E05AE1DCC1E4600E8DACC /* EOCAutoDictionary.m */ = {isa = PBXFileReference; fileEncoding = 4; lastKnownFileType = sourcecode.c.objc; path = EOCAutoDictionary.m; sourceTree = "<group>"; };
/* End PBXFileReference section */

/* Begin PBXFrameworksBuildPhase section */
		699E05741DCC1DE100E8DACC /* Frameworks */ = {
			isa = PBXFrameworksBuildPhase;
			buildActionMask = 2147483647;
			files = (
			);
			runOnlyForDeploymentPostprocessing = 0;
		};
		699E058D1DCC1DE100E8DACC /* Frameworks */ = {
			isa = PBXFrameworksBuildPhase;
			buildActionMask = 2147483647;
			files = (
			);
			runOnlyForDeploymentPostprocessing = 0;
		};
		699E05981DCC1DE100E8DACC /* Frameworks */ = {
			isa = PBXFrameworksBuildPhase;
			buildActionMask = 2147483647;
			files = (
			);
			runOnlyForDeploymentPostprocessing = 0;
		};
/* End PBXFrameworksBuildPhase section */

/* Begin PBXGroup section */
		699E056E1DCC1DE100E8DACC = {
			isa = PBXGroup;
			children = (
				699E05791DCC1DE100E8DACC /* 动态方法解析转发机制 */,
				699E05931DCC1DE100E8DACC /* 动态方法解析转发机制Tests */,
				699E059E1DCC1DE100E8DACC /* 动态方法解析转发机制UITests */,
				699E05781DCC1DE100E8DACC /* Products */,
			);
			sourceTree = "<group>";
		};
		699E05781DCC1DE100E8DACC /* Products */ = {
			isa = PBXGroup;
			children = (
				699E05771DCC1DE100E8DACC /* 动态方法解析转发机制.app */,
				699E05901DCC1DE100E8DACC /* 动态方法解析转发机制Tests.xctest */,
				699E059B1DCC1DE100E8DACC /* 动态方法解析转发机制UITests.xctest */,
			);
			name = Products;
			sourceTree = "<group>";
		};
		699E05791DCC1DE100E8DACC /* 动态方法解析转发机制 */ = {
			isa = PBXGroup;
			children = (
				699E057D1DCC1DE100E8DACC /* AppDelegate.h */,
				699E057E1DCC1DE100E8DACC /* AppDelegate.m */,
				699E05801DCC1DE100E8DACC /* ViewController.h */,
				699E05811DCC1DE100E8DACC /* ViewController.m */,
				699E05AD1DCC1E4600E8DACC /* EOCAutoDictionary.h */,
				699E05AE1DCC1E4600E8DACC /* EOCAutoDictionary.m */,
				699E05831DCC1DE100E8DACC /* Main.storyboard */,
				699E05861DCC1DE100E8DACC /* Assets.xcassets */,
				699E05881DCC1DE100E8DACC /* LaunchScreen.storyboard */,
				699E058B1DCC1DE100E8DACC /* Info.plist */,
				699E057A1DCC1DE100E8DACC /* Supporting Files */,
			);
			path = "动态方法解析转发机制";
			sourceTree = "<group>";
		};
		699E057A1DCC1DE100E8DACC /* Supporting Files */ = {
			isa = PBXGroup;
			children = (
				699E057B1DCC1DE100E8DACC /* main.m */,
			);
			name = "Supporting Files";
			sourceTree = "<group>";
		};
		699E05931DCC1DE100E8DACC /* 动态方法解析转发机制Tests */ = {
			isa = PBXGroup;
			children = (
				699E05941DCC1DE100E8DACC /* __________Tests.m */,
				699E05961DCC1DE100E8DACC /* Info.plist */,
			);
			path = "动态方法解析转发机制Tests";
			sourceTree = "<group>";
		};
		699E059E1DCC1DE100E8DACC /* 动态方法解析转发机制UITests */ = {
			isa = PBXGroup;
			children = (
				699E059F1DCC1DE100E8DACC /* __________UITests.m */,
				699E05A11DCC1DE100E8DACC /* Info.plist */,
			);
			path = "动态方法解析转发机制UITests";
			sourceTree = "<group>";
		};
/* End PBXGroup section */

/* Begin PBXNativeTarget section */
		699E05761DCC1DE100E8DACC /* 动态方法解析转发机制 */ = {
			isa = PBXNativeTarget;
			buildConfigurationList = 699E05A41DCC1DE100E8DACC /* Build configuration list for PBXNativeTarget "动态方法解析转发机制" */;
			buildPhases = (
				699E05731DCC1DE100E8DACC /* Sources */,
				699E05741DCC1DE100E8DACC /* Frameworks */,
				699E05751DCC1DE100E8DACC /* Resources */,
			);
			buildRules = (
			);
			dependencies = (
			);
			name = "动态方法解析转发机制";
			productName = "动态方法解析转发机制";
			productReference = 699E05771DCC1DE100E8DACC /* 动态方法解析转发机制.app */;
			productType = "com.apple.product-type.application";
		};
		699E058F1DCC1DE100E8DACC /* 动态方法解析转发机制Tests */ = {
			isa = PBXNativeTarget;
			buildConfigurationList = 699E05A71DCC1DE100E8DACC /* Build configuration list for PBXNativeTarget "动态方法解析转发机制Tests" */;
			buildPhases = (
				699E058C1DCC1DE100E8DACC /* Sources */,
				699E058D1DCC1DE100E8DACC /* Frameworks */,
				699E058E1DCC1DE100E8DACC /* Resources */,
			);
			buildRules = (
			);
			dependencies = (
				699E05921DCC1DE100E8DACC /* PBXTargetDependency */,
			);
			name = "动态方法解析转发机制Tests";
			productName = "动态方法解析转发机制Tests";
			productReference = 699E05901DCC1DE100E8DACC /* 动态方法解析转发机制Tests.xctest */;
			productType = "com.apple.product-type.bundle.unit-test";
		};
		699E059A1DCC1DE100E8DACC /* 动态方法解析转发机制UITests */ = {
			isa = PBXNativeTarget;
			buildConfigurationList = 699E05AA1DCC1DE100E8DACC /* Build configuration list for PBXNativeTarget "动态方法解析转发机制UITests" */;
			buildPhases = (
				699E05971DCC1DE100E8DACC /* Sources */,
				699E05981DCC1DE100E8DACC /* Frameworks */,
				699E05991DCC1DE100E8DACC /* Resources */,
			);
			buildRules = (
			);
			dependencies = (
				699E059D1DCC1DE100E8DACC /* PBXTargetDependency */,
			);
			name = "动态方法解析转发机制UITests";
			productName = "动态方法解析转发机制UITests";
			productReference = 699E059B1DCC1DE100E8DACC /* 动态方法解析转发机制UITests.xctest */;
			productType = "com.apple.product-type.bundle.ui-testing";
		};
/* End PBXNativeTarget section */

/* Begin PBXProject section */
		699E056F1DCC1DE100E8DACC /* Project object */ = {
			isa = PBXProject;
			attributes = {
				LastUpgradeCheck = 0800;
				ORGANIZATIONNAME = xujing;
				TargetAttributes = {
					699E05761DCC1DE100E8DACC = {
						CreatedOnToolsVersion = 8.0;
						DevelopmentTeam = G2BS3FU3MZ;
						ProvisioningStyle = Automatic;
					};
					699E058F1DCC1DE100E8DACC = {
						CreatedOnToolsVersion = 8.0;
						DevelopmentTeam = G2BS3FU3MZ;
						ProvisioningStyle = Automatic;
						TestTargetID = 699E05761DCC1DE100E8DACC;
					};
					699E059A1DCC1DE100E8DACC = {
						CreatedOnToolsVersion = 8.0;
						DevelopmentTeam = G2BS3FU3MZ;
						ProvisioningStyle = Automatic;
						TestTargetID = 699E05761DCC1DE100E8DACC;
					};
				};
			};
			buildConfigurationList = 699E05721DCC1DE100E8DACC /* Build configuration list for PBXProject "动态方法解析转发机制" */;
			compatibilityVersion = "Xcode 3.2";
			developmentRegion = English;
			hasScannedForEncodings = 0;
			knownRegions = (
				en,
				Base,
			);
			mainGroup = 699E056E1DCC1DE100E8DACC;
			productRefGroup = 699E05781DCC1DE100E8DACC /* Products */;
			projectDirPath = "";
			projectRoot = "";
			targets = (
				699E05761DCC1DE100E8DACC /* 动态方法解析转发机制 */,
				699E058F1DCC1DE100E8DACC /* 动态方法解析转发机制Tests */,
				699E059A1DCC1DE100E8DACC /* 动态方法解析转发机制UITests */,
			);
		};
/* End PBXProject section */

/* Begin PBXResourcesBuildPhase section */
		699E05751DCC1DE100E8DACC /* Resources */ = {
			isa = PBXResourcesBuildPhase;
			buildActionMask = 2147483647;
			files = (
				699E058A1DCC1DE100E8DACC /* LaunchScreen.storyboard in Resources */,
				699E05871DCC1DE100E8DACC /* Assets.xcassets in Resources */,
				699E05851DCC1DE100E8DACC /* Main.storyboard in Resources */,
			);
			runOnlyForDeploymentPostprocessing = 0;
		};
		699E058E1DCC1DE100E8DACC /* Resources */ = {
			isa = PBXResourcesBuildPhase;
			buildActionMask = 2147483647;
			files = (
			);
			runOnlyForDeploymentPostprocessing = 0;
		};
		699E05991DCC1DE100E8DACC /* Resources */ = {
			isa = PBXResourcesBuildPhase;
			buildActionMask = 2147483647;
			files = (
			);
			runOnlyForDeploymentPostprocessing = 0;
		};
/* End PBXResourcesBuildPhase section */

/* Begin PBXSourcesBuildPhase section */
		699E05731DCC1DE100E8DACC /* Sources */ = {
			isa = PBXSourcesBuildPhase;
			buildActionMask = 2147483647;
			files = (
				699E05AF1DCC1E4600E8DACC /* EOCAutoDictionary.m in Sources */,
				699E05821DCC1DE100E8DACC /* ViewController.m in Sources */,
				699E057F1DCC1DE100E8DACC /* AppDelegate.m in Sources */,
				699E057C1DCC1DE100E8DACC /* main.m in Sources */,
			);
			runOnlyForDeploymentPostprocessing = 0;
		};
		699E058C1DCC1DE100E8DACC /* Sources */ = {
			isa = PBXSourcesBuildPhase;
			buildActionMask = 2147483647;
			files = (
				699E05951DCC1DE100E8DACC /* __________Tests.m in Sources */,
			);
			runOnlyForDeploymentPostprocessing = 0;
		};
		699E05971DCC1DE100E8DACC /* Sources */ = {
			isa = PBXSourcesBuildPhase;
			buildActionMask = 2147483647;
			files = (
				699E05A01DCC1DE100E8DACC /* __________UITests.m in Sources */,
			);
			runOnlyForDeploymentPostprocessing = 0;
		};
/* End PBXSourcesBuildPhase section */

/* Begin PBXTargetDependency section */
		699E05921DCC1DE100E8DACC /* PBXTargetDependency */ = {
			isa = PBXTargetDependency;
			target = 699E05761DCC1DE100E8DACC /* 动态方法解析转发机制 */;
			targetProxy = 699E05911DCC1DE100E8DACC /* PBXContainerItemProxy */;
		};
		699E059D1DCC1DE100E8DACC /* PBXTargetDependency */ = {
			isa = PBXTargetDependency;
			target = 699E05761DCC1DE100E8DACC /* 动态方法解析转发机制 */;
			targetProxy = 699E059C1DCC1DE100E8DACC /* PBXContainerItemProxy */;
		};
/* End PBXTargetDependency section */

/* Begin PBXVariantGroup section */
		699E05831DCC1DE100E8DACC /* Main.storyboard */ = {
			isa = PBXVariantGroup;
			children = (
				699E05841DCC1DE100E8DACC /* Base */,
			);
			name = Main.storyboard;
			sourceTree = "<group>";
		};
		699E05881DCC1DE100E8DACC /* LaunchScreen.storyboard */ = {
			isa = PBXVariantGroup;
			children = (
				699E05891DCC1DE100E8DACC /* Base */,
			);
			name = LaunchScreen.storyboard;
			sourceTree = "<group>";
		};
/* End PBXVariantGroup section */

/* Begin XCBuildConfiguration section */
		699E05A21DCC1DE100E8DACC /* Debug */ = {
			isa = XCBuildConfiguration;
			buildSettings = {
				ALWAYS_SEARCH_USER_PATHS = NO;
				CLANG_ANALYZER_NONNULL = YES;
				CLANG_CXX_LANGUAGE_STANDARD = "gnu++0x";
				CLANG_CXX_LIBRARY = "libc++";
				CLANG_ENABLE_MODULES = YES;
				CLANG_ENABLE_OBJC_ARC = YES;
				CLANG_WARN_BOOL_CONVERSION = YES;
				CLANG_WARN_CONSTANT_CONVERSION = YES;
				CLANG_WARN_DIRECT_OBJC_ISA_USAGE = YES_ERROR;
				CLANG_WARN_DOCUMENTATION_COMMENTS = YES;
				CLANG_WARN_EMPTY_BODY = YES;
				CLANG_WARN_ENUM_CONVERSION = YES;
				CLANG_WARN_INFINITE_RECURSION = YES;
				CLANG_WARN_INT_CONVERSION = YES;
				CLANG_WARN_OBJC_ROOT_CLASS = YES_ERROR;
				CLANG_WARN_SUSPICIOUS_MOVES = YES;
				CLANG_WARN_UNREACHABLE_CODE = YES;
				CLANG_WARN__DUPLICATE_METHOD_MATCH = YES;
				"CODE_SIGN_IDENTITY[sdk=iphoneos*]" = "iPhone Developer";
				COPY_PHASE_STRIP = NO;
				DEBUG_INFORMATION_FORMAT = dwarf;
				ENABLE_STRICT_OBJC_MSGSEND = YES;
				ENABLE_TESTABILITY = YES;
				GCC_C_LANGUAGE_STANDARD = gnu99;
				GCC_DYNAMIC_NO_PIC = NO;
				GCC_NO_COMMON_BLOCKS = YES;
				GCC_OPTIMIZATION_LEVEL = 0;
				GCC_PREPROCESSOR_DEFINITIONS = (
					"DEBUG=1",
					"$(inherited)",
				);
				GCC_WARN_64_TO_32_BIT_CONVERSION = YES;
				GCC_WARN_ABOUT_RETURN_TYPE = YES_ERROR;
				GCC_WARN_UNDECLARED_SELECTOR = YES;
				GCC_WARN_UNINITIALIZED_AUTOS = YES_AGGRESSIVE;
				GCC_WARN_UNUSED_FUNCTION = YES;
				GCC_WARN_UNUSED_VARIABLE = YES;
				IPHONEOS_DEPLOYMENT_TARGET = 10.0;
				MTL_ENABLE_DEBUG_INFO = YES;
				ONLY_ACTIVE_ARCH = YES;
				SDKROOT = iphoneos;
			};
			name = Debug;
		};
		699E05A31DCC1DE100E8DACC /* Release */ = {
			isa = XCBuildConfiguration;
			buildSettings = {
				ALWAYS_SEARCH_USER_PATHS = NO;
				CLANG_ANALYZER_NONNULL = YES;
				CLANG_CXX_LANGUAGE_STANDARD = "gnu++0x";
				CLANG_CXX_LIBRARY = "libc++";
				CLANG_ENABLE_MODULES = YES;
				CLANG_ENABLE_OBJC_ARC = YES;
				CLANG_WARN_BOOL_CONVERSION = YES;
				CLANG_WARN_CONSTANT_CONVERSION = YES;
				CLANG_WARN_DIRECT_OBJC_ISA_USAGE = YES_ERROR;
				CLANG_WARN_DOCUMENTATION_COMMENTS = YES;
				CLANG_WARN_EMPTY_BODY = YES;
				CLANG_WARN_ENUM_CONVERSION = YES;
				CLANG_WARN_INFINITE_RECURSION = YES;
				CLANG_WARN_INT_CONVERSION = YES;
				CLANG_WARN_OBJC_ROOT_CLASS = YES_ERROR;
				CLANG_WARN_SUSPICIOUS_MOVES = YES;
				CLANG_WARN_UNREACHABLE_CODE = YES;
				CLANG_WARN__DUPLICATE_METHOD_MATCH = YES;
				"CODE_SIGN_IDENTITY[sdk=iphoneos*]" = "iPhone Developer";
				COPY_PHASE_STRIP = NO;
				DEBUG_INFORMATION_FORMAT = "dwarf-with-dsym";
				ENABLE_NS_ASSERTIONS = NO;
				ENABLE_STRICT_OBJC_MSGSEND = YES;
				GCC_C_LANGUAGE_STANDARD = gnu99;
				GCC_NO_COMMON_BLOCKS = YES;
				GCC_WARN_64_TO_32_BIT_CONVERSION = YES;
				GCC_WARN_ABOUT_RETURN_TYPE = YES_ERROR;
				GCC_WARN_UNDECLARED_SELECTOR = YES;
				GCC_WARN_UNINITIALIZED_AUTOS = YES_AGGRESSIVE;
				GCC_WARN_UNUSED_FUNCTION = YES;
				GCC_WARN_UNUSED_VARIABLE = YES;
				IPHONEOS_DEPLOYMENT_TARGET = 10.0;
				MTL_ENABLE_DEBUG_INFO = NO;
				SDKROOT = iphoneos;
				VALIDATE_PRODUCT = YES;
			};
			name = Release;
		};
		699E05A51DCC1DE100E8DACC /* Debug */ = {
			isa = XCBuildConfiguration;
			buildSettings = {
				ASSETCATALOG_COMPILER_APPICON_NAME = AppIcon;
				DEVELOPMENT_TEAM = G2BS3FU3MZ;
				INFOPLIST_FILE = "动态方法解析转发机制/Info.plist";
				LD_RUNPATH_SEARCH_PATHS = "$(inherited) @executable_path/Frameworks";
				PRODUCT_BUNDLE_IDENTIFIER = "com.AiLi.----------";
				PRODUCT_NAME = "$(TARGET_NAME)";
			};
			name = Debug;
		};
		699E05A61DCC1DE100E8DACC /* Release */ = {
			isa = XCBuildConfiguration;
			buildSettings = {
				ASSETCATALOG_COMPILER_APPICON_NAME = AppIcon;
				DEVELOPMENT_TEAM = G2BS3FU3MZ;
				INFOPLIST_FILE = "动态方法解析转发机制/Info.plist";
				LD_RUNPATH_SEARCH_PATHS = "$(inherited) @executable_path/Frameworks";
				PRODUCT_BUNDLE_IDENTIFIER = "com.AiLi.----------";
				PRODUCT_NAME = "$(TARGET_NAME)";
			};
			name = Release;
		};
		699E05A81DCC1DE100E8DACC /* Debug */ = {
			isa = XCBuildConfiguration;
			buildSettings = {
				BUNDLE_LOADER = "$(TEST_HOST)";
				DEVELOPMENT_TEAM = G2BS3FU3MZ;
				INFOPLIST_FILE = "动态方法解析转发机制Tests/Info.plist";
				LD_RUNPATH_SEARCH_PATHS = "$(inherited) @executable_path/Frameworks @loader_path/Frameworks";
				PRODUCT_BUNDLE_IDENTIFIER = "com.AiLi.----------Tests";
				PRODUCT_NAME = "$(TARGET_NAME)";
				TEST_HOST = "$(BUILT_PRODUCTS_DIR)/动态方法解析转发机制.app/动态方法解析转发机制";
			};
			name = Debug;
		};
		699E05A91DCC1DE100E8DACC /* Release */ = {
			isa = XCBuildConfiguration;
			buildSettings = {
				BUNDLE_LOADER = "$(TEST_HOST)";
				DEVELOPMENT_TEAM = G2BS3FU3MZ;
				INFOPLIST_FILE = "动态方法解析转发机制Tests/Info.plist";
				LD_RUNPATH_SEARCH_PATHS = "$(inherited) @executable_path/Frameworks @loader_path/Frameworks";
				PRODUCT_BUNDLE_IDENTIFIER = "com.AiLi.----------Tests";
				PRODUCT_NAME = "$(TARGET_NAME)";
				TEST_HOST = "$(BUILT_PRODUCTS_DIR)/动态方法解析转发机制.app/动态方法解析转发机制";
			};
			name = Release;
		};
		699E05AB1DCC1DE100E8DACC /* Debug */ = {
			isa = XCBuildConfiguration;
			buildSettings = {
				DEVELOPMENT_TEAM = G2BS3FU3MZ;
				INFOPLIST_FILE = "动态方法解析转发机制UITests/Info.plist";
				LD_RUNPATH_SEARCH_PATHS = "$(inherited) @executable_path/Frameworks @loader_path/Frameworks";
				PRODUCT_BUNDLE_IDENTIFIER = "com.AiLi.----------UITests";
				PRODUCT_NAME = "$(TARGET_NAME)";
				TEST_TARGET_NAME = "动态方法解析转发机制";
			};
			name = Debug;
		};
		699E05AC1DCC1DE100E8DACC /* Release */ = {
			isa = XCBuildConfiguration;
			buildSettings = {
				DEVELOPMENT_TEAM = G2BS3FU3MZ;
				INFOPLIST_FILE = "动态方法解析转发机制UITests/Info.plist";
				LD_RUNPATH_SEARCH_PATHS = "$(inherited) @executable_path/Frameworks @loader_path/Frameworks";
				PRODUCT_BUNDLE_IDENTIFIER = "com.AiLi.----------UITests";
				PRODUCT_NAME = "$(TARGET_NAME)";
				TEST_TARGET_NAME = "动态方法解析转发机制";
			};
			name = Release;
		};
/* End XCBuildConfiguration section */

/* Begin XCConfigurationList section */
		699E05721DCC1DE100E8DACC /* Build configuration list for PBXProject "动态方法解析转发机制" */ = {
			isa = XCConfigurationList;
			buildConfigurations = (
				699E05A21DCC1DE100E8DACC /* Debug */,
				699E05A31DCC1DE100E8DACC /* Release */,
			);
			defaultConfigurationIsVisible = 0;
			defaultConfigurationName = Release;
		};
		699E05A41DCC1DE100E8DACC /* Build configuration list for PBXNativeTarget "动态方法解析转发机制" */ = {
			isa = XCConfigurationList;
			buildConfigurations = (
				699E05A51DCC1DE100E8DACC /* Debug */,
				699E05A61DCC1DE100E8DACC /* Release */,
			);
			defaultConfigurationIsVisible = 0;
		};
		699E05A71DCC1DE100E8DACC /* Build configuration list for PBXNativeTarget "动态方法解析转发机制Tests" */ = {
			isa = XCConfigurationList;
			buildConfigurations = (
				699E05A81DCC1DE100E8DACC /* Debug */,
				699E05A91DCC1DE100E8DACC /* Release */,
			);
			defaultConfigurationIsVisible = 0;
		};
		699E05AA1DCC1DE100E8DACC /* Build configuration list for PBXNativeTarget "动态方法解析转发机制UITests" */ = {
			isa = XCConfigurationList;
			buildConfigurations = (
				699E05AB1DCC1DE100E8DACC /* Debug */,
				699E05AC1DCC1DE100E8DACC /* Release */,
			);
			defaultConfigurationIsVisible = 0;
		};
/* End XCConfigurationList section */
	};
	rootObject = 699E056F1DCC1DE100E8DACC /* Project object */;
}
